
Microsoft Visual Studio Solution File, Format Version 12.00
# Visual Studio Version 17
VisualStudioVersion = 17.3.32825.248
MinimumVisualStudioVersion = 10.0.40219.1
Project("{FAE04EC0-301F-11D3-BF4B-00C04F79EFBC}") = "Providers", "Providers.csproj", "{0E754D74-CC8F-46D2-9735-BD8F3E94C153}"
EndProject
Global
	GlobalSection(SolutionConfigurationPlatforms) = preSolution
		Debug|Any CPU = Debug|Any CPU
		Release|Any CPU = Release|Any CPU
	EndGlobalSection
	GlobalSection(ProjectConfigurationPlatforms) = postSolution
		{0E754D74-CC8F-46D2-9735-BD8F3E94C153}.Debug|Any CPU.ActiveCfg = Debug|Any CPU
		{0E754D74-CC8F-46D2-9735-BD8F3E94C153}.Debug|Any CPU.Build.0 = Debug|Any CPU
		{0E754D74-CC8F-46D2-9735-BD8F3E94C153}.Release|Any CPU.ActiveCfg = Release|Any CPU
		{0E754D74-CC8F-46D2-9735-BD8F3E94C153}.Release|Any CPU.Build.0 = Release|Any CPU
	EndGlobalSection
	GlobalSection(SolutionProperties) = preSolution
		HideSolutionNode = FALSE
	EndGlobalSection
	GlobalSection(ExtensibilityGlobals) = postSolution
		SolutionGuid = {565C2C28-EAFC-4D58-A155-3ABB75FCD441}
	EndGlobalSection
EndGlobal
